
Microsoft Visual Studio Solution File, Format Version 12.00
# Visual Studio 15
VisualStudioVersion = 15.0.28010.2003
MinimumVisualStudioVersion = 10.0.40219.1
Project("{FAE04EC0-301F-11D3-BF4B-00C04F79EFBC}") = "Composite", "Composite\Composite.csproj", "{9FB15535-D8AD-41EC-80A2-A5ADBF2FB830}"
EndProject
Project("{FAE04EC0-301F-11D3-BF4B-00C04F79EFBC}") = "UnitTest", "UnitTest\UnitTest.csproj", "{78C3BB46-116F-49F4-9562-C5CF1036416D}"
EndProject
Project("{FAE04EC0-301F-11D3-BF4B-00C04F79EFBC}") = "Decorator", "Decorator\Decorator.csproj", "{A9E279E1-0C8D-4DAE-B620-0796F9107F50}"
EndProject
Project("{FAE04EC0-301F-11D3-BF4B-00C04F79EFBC}") = "Observer", "Observer\Observer.csproj", "{DB5E2EC6-16CB-4C94-AA15-371BC07FDA7B}"
EndProject
Project("{FAE04EC0-301F-11D3-BF4B-00C04F79EFBC}") = "Adapter", "Adapter\Adapter.csproj", "{2079884E-9EA1-4B32-BC14-B428F4F7B7BB}"
EndProject
Project("{FAE04EC0-301F-11D3-BF4B-00C04F79EFBC}") = "Facade", "Facade\Facade.csproj", "{3E006ABF-0D53-49BF-8B3A-8E8ACF01672B}"
EndProject
Project("{FAE04EC0-301F-11D3-BF4B-00C04F79EFBC}") = "Singleton", "Singleton\Singleton.csproj", "{0E233B92-9FDB-4706-8472-120767F59033}"
EndProject
Global
	GlobalSection(SolutionConfigurationPlatforms) = preSolution
		Debug|Any CPU = Debug|Any CPU
		Release|Any CPU = Release|Any CPU
	EndGlobalSection
	GlobalSection(ProjectConfigurationPlatforms) = postSolution
		{9FB15535-D8AD-41EC-80A2-A5ADBF2FB830}.Debug|Any CPU.ActiveCfg = Debug|Any CPU
		{9FB15535-D8AD-41EC-80A2-A5ADBF2FB830}.Debug|Any CPU.Build.0 = Debug|Any CPU
		{9FB15535-D8AD-41EC-80A2-A5ADBF2FB830}.Release|Any CPU.ActiveCfg = Release|Any CPU
		{9FB15535-D8AD-41EC-80A2-A5ADBF2FB830}.Release|Any CPU.Build.0 = Release|Any CPU
		{78C3BB46-116F-49F4-9562-C5CF1036416D}.Debug|Any CPU.ActiveCfg = Debug|Any CPU
		{78C3BB46-116F-49F4-9562-C5CF1036416D}.Debug|Any CPU.Build.0 = Debug|Any CPU
		{78C3BB46-116F-49F4-9562-C5CF1036416D}.Release|Any CPU.ActiveCfg = Release|Any CPU
		{78C3BB46-116F-49F4-9562-C5CF1036416D}.Release|Any CPU.Build.0 = Release|Any CPU
		{A9E279E1-0C8D-4DAE-B620-0796F9107F50}.Debug|Any CPU.ActiveCfg = Debug|Any CPU
		{A9E279E1-0C8D-4DAE-B620-0796F9107F50}.Debug|Any CPU.Build.0 = Debug|Any CPU
		{A9E279E1-0C8D-4DAE-B620-0796F9107F50}.Release|Any CPU.ActiveCfg = Release|Any CPU
		{A9E279E1-0C8D-4DAE-B620-0796F9107F50}.Release|Any CPU.Build.0 = Release|Any CPU
		{DB5E2EC6-16CB-4C94-AA15-371BC07FDA7B}.Debug|Any CPU.ActiveCfg = Debug|Any CPU
		{DB5E2EC6-16CB-4C94-AA15-371BC07FDA7B}.Debug|Any CPU.Build.0 = Debug|Any CPU
		{DB5E2EC6-16CB-4C94-AA15-371BC07FDA7B}.Release|Any CPU.ActiveCfg = Release|Any CPU
		{DB5E2EC6-16CB-4C94-AA15-371BC07FDA7B}.Release|Any CPU.Build.0 = Release|Any CPU
		{2079884E-9EA1-4B32-BC14-B428F4F7B7BB}.Debug|Any CPU.ActiveCfg = Debug|Any CPU
		{2079884E-9EA1-4B32-BC14-B428F4F7B7BB}.Debug|Any CPU.Build.0 = Debug|Any CPU
		{2079884E-9EA1-4B32-BC14-B428F4F7B7BB}.Release|Any CPU.ActiveCfg = Release|Any CPU
		{2079884E-9EA1-4B32-BC14-B428F4F7B7BB}.Release|Any CPU.Build.0 = Release|Any CPU
		{3E006ABF-0D53-49BF-8B3A-8E8ACF01672B}.Debug|Any CPU.ActiveCfg = Debug|Any CPU
		{3E006ABF-0D53-49BF-8B3A-8E8ACF01672B}.Debug|Any CPU.Build.0 = Debug|Any CPU
		{3E006ABF-0D53-49BF-8B3A-8E8ACF01672B}.Release|Any CPU.ActiveCfg = Release|Any CPU
		{3E006ABF-0D53-49BF-8B3A-8E8ACF01672B}.Release|Any CPU.Build.0 = Release|Any CPU
		{0E233B92-9FDB-4706-8472-120767F59033}.Debug|Any CPU.ActiveCfg = Debug|Any CPU
		{0E233B92-9FDB-4706-8472-120767F59033}.Debug|Any CPU.Build.0 = Debug|Any CPU
		{0E233B92-9FDB-4706-8472-120767F59033}.Release|Any CPU.ActiveCfg = Release|Any CPU
		{0E233B92-9FDB-4706-8472-120767F59033}.Release|Any CPU.Build.0 = Release|Any CPU
	EndGlobalSection
	GlobalSection(SolutionProperties) = preSolution
		HideSolutionNode = FALSE
	EndGlobalSection
	GlobalSection(ExtensibilityGlobals) = postSolution
		SolutionGuid = {87F74847-0AAF-414A-BCEF-26A1A15B9E03}
	EndGlobalSection
EndGlobal
